
Microsoft Visual Studio Solution File, Format Version 12.00
# Visual Studio Version 16
VisualStudioVersion = 16.0.31515.178
MinimumVisualStudioVersion = 10.0.40219.1
Project("{FAE04EC0-301F-11D3-BF4B-00C04F79EFBC}") = "QLNH_APIs", "QLNH_APIs\QLNH_APIs.csproj", "{E52105A8-14A5-4A2F-8516-7346EB8E9CAF}"
EndProject
Global
	GlobalSection(SolutionConfigurationPlatforms) = preSolution
		Debug|Any CPU = Debug|Any CPU
		Release|Any CPU = Release|Any CPU
	EndGlobalSection
	GlobalSection(ProjectConfigurationPlatforms) = postSolution
		{E52105A8-14A5-4A2F-8516-7346EB8E9CAF}.Debug|Any CPU.ActiveCfg = Debug|Any CPU
		{E52105A8-14A5-4A2F-8516-7346EB8E9CAF}.Debug|Any CPU.Build.0 = Debug|Any CPU
		{E52105A8-14A5-4A2F-8516-7346EB8E9CAF}.Release|Any CPU.ActiveCfg = Release|Any CPU
		{E52105A8-14A5-4A2F-8516-7346EB8E9CAF}.Release|Any CPU.Build.0 = Release|Any CPU
	EndGlobalSection
	GlobalSection(SolutionProperties) = preSolution
		HideSolutionNode = FALSE
	EndGlobalSection
	GlobalSection(ExtensibilityGlobals) = postSolution
		SolutionGuid = {3D5AEAAE-4D2C-43A7-B52E-E3002D1F3B54}
	EndGlobalSection
EndGlobal
